
Microsoft Visual Studio Solution File, Format Version 12.00
# Visual Studio Version 16
VisualStudioVersion = 16.0.30404.54
MinimumVisualStudioVersion = 10.0.40219.1
Project("{9A19103F-16F7-4668-BE54-9A1E7A4F7556}") = "SimpleAuditingApi", "SimpleAuditingApi\SimpleAuditingApi.csproj", "{0685475F-4EDA-43B2-BE39-EAA5F44BEC0B}"
EndProject
Project("{FAE04EC0-301F-11D3-BF4B-00C04F79EFBC}") = "SimpleAuditing", "SimpleAuditing\SimpleAuditing.csproj", "{F65CAC11-A978-4A27-899E-E487576E3CA4}"
EndProject
Global
	GlobalSection(SolutionConfigurationPlatforms) = preSolution
		Debug|Any CPU = Debug|Any CPU
		Release|Any CPU = Release|Any CPU
	EndGlobalSection
	GlobalSection(ProjectConfigurationPlatforms) = postSolution
		{0685475F-4EDA-43B2-BE39-EAA5F44BEC0B}.Debug|Any CPU.ActiveCfg = Debug|Any CPU
		{0685475F-4EDA-43B2-BE39-EAA5F44BEC0B}.Debug|Any CPU.Build.0 = Debug|Any CPU
		{0685475F-4EDA-43B2-BE39-EAA5F44BEC0B}.Release|Any CPU.ActiveCfg = Release|Any CPU
		{0685475F-4EDA-43B2-BE39-EAA5F44BEC0B}.Release|Any CPU.Build.0 = Release|Any CPU
		{F65CAC11-A978-4A27-899E-E487576E3CA4}.Debug|Any CPU.ActiveCfg = Debug|Any CPU
		{F65CAC11-A978-4A27-899E-E487576E3CA4}.Debug|Any CPU.Build.0 = Debug|Any CPU
		{F65CAC11-A978-4A27-899E-E487576E3CA4}.Release|Any CPU.ActiveCfg = Release|Any CPU
		{F65CAC11-A978-4A27-899E-E487576E3CA4}.Release|Any CPU.Build.0 = Release|Any CPU
	EndGlobalSection
	GlobalSection(SolutionProperties) = preSolution
		HideSolutionNode = FALSE
	EndGlobalSection
	GlobalSection(ExtensibilityGlobals) = postSolution
		SolutionGuid = {68514922-5B6B-4722-B040-C7888894BC97}
	EndGlobalSection
EndGlobal
